// !$*UTF8*$!
{
	archiveVersion = 1;
	classes = {
	};
	objectVersion = 46;
	objects = {

/* Begin PBXBuildFile section */
		1241CD8D18F4ADAC007E6DDF /* Foundation.framework in Frameworks */ = {isa = PBXBuildFile; fileRef = 1241CD8C18F4ADAC007E6DDF /* Foundation.framework */; };
		1241CD8F18F4ADAC007E6DDF /* CoreGraphics.framework in Frameworks */ = {isa = PBXBuildFile; fileRef = 1241CD8E18F4ADAC007E6DDF /* CoreGraphics.framework */; };
		1241CD9118F4ADAC007E6DDF /* UIKit.framework in Frameworks */ = {isa = PBXBuildFile; fileRef = 1241CD9018F4ADAC007E6DDF /* UIKit.framework */; };
		1241CD9718F4ADAC007E6DDF /* InfoPlist.strings in Resources */ = {isa = PBXBuildFile; fileRef = 1241CD9518F4ADAC007E6DDF /* InfoPlist.strings */; };
		1241CD9918F4ADAC007E6DDF /* main.m in Sources */ = {isa = PBXBuildFile; fileRef = 1241CD9818F4ADAC007E6DDF /* main.m */; };
		1241CD9D18F4ADAC007E6DDF /* CABAppDelegate.m in Sources */ = {isa = PBXBuildFile; fileRef = 1241CD9C18F4ADAC007E6DDF /* CABAppDelegate.m */; };
		1241CDA018F4ADAC007E6DDF /* Main.storyboard in Resources */ = {isa = PBXBuildFile; fileRef = 1241CD9E18F4ADAC007E6DDF /* Main.storyboard */; };
		1241CDA318F4ADAC007E6DDF /* CABViewController.m in Sources */ = {isa = PBXBuildFile; fileRef = 1241CDA218F4ADAC007E6DDF /* CABViewController.m */; };
		1241CDA518F4ADAC007E6DDF /* Images.xcassets in Resources */ = {isa = PBXBuildFile; fileRef = 1241CDA418F4ADAC007E6DDF /* Images.xcassets */; };
		1241CDAC18F4ADAC007E6DDF /* XCTest.framework in Frameworks */ = {isa = PBXBuildFile; fileRef = 1241CDAB18F4ADAC007E6DDF /* XCTest.framework */; };
		1241CDAD18F4ADAC007E6DDF /* Foundation.framework in Frameworks */ = {isa = PBXBuildFile; fileRef = 1241CD8C18F4ADAC007E6DDF /* Foundation.framework */; };
		1241CDAE18F4ADAC007E6DDF /* UIKit.framework in Frameworks */ = {isa = PBXBuildFile; fileRef = 1241CD9018F4ADAC007E6DDF /* UIKit.framework */; };
		1241CDB618F4ADAC007E6DDF /* InfoPlist.strings in Resources */ = {isa = PBXBuildFile; fileRef = 1241CDB418F4ADAC007E6DDF /* InfoPlist.strings */; };
		1241CDB818F4ADAC007E6DDF /* GIT_TestTests.m in Sources */ = {isa = PBXBuildFile; fileRef = 1241CDB718F4ADAC007E6DDF /* GIT_TestTests.m */; };
		1241CDC318F4AFD0007E6DDF /* CABTest.m in Sources */ = {isa = PBXBuildFile; fileRef = 1241CDC218F4AFD0007E6DDF /* CABTest.m */; };
/* End PBXBuildFile section */

/* Begin PBXContainerItemProxy section */
		1241CDAF18F4ADAC007E6DDF /* PBXContainerItemProxy */ = {
			isa = PBXContainerItemProxy;
			containerPortal = 1241CD8118F4ADAC007E6DDF /* Project object */;
			proxyType = 1;
			remoteGlobalIDString = 1241CD8818F4ADAC007E6DDF;
			remoteInfo = "GIT Test";
		};
/* End PBXContainerItemProxy section */

/* Begin PBXFileReference section */
		1241CD8918F4ADAC007E6DDF /* GIT Test.app */ = {isa = PBXFileReference; explicitFileType = wrapper.application; includeInIndex = 0; path = "GIT Test.app"; sourceTree = BUILT_PRODUCTS_DIR; };
		1241CD8C18F4ADAC007E6DDF /* Foundation.framework */ = {isa = PBXFileReference; lastKnownFileType = wrapper.framework; name = Foundation.framework; path = System/Library/Frameworks/Foundation.framework; sourceTree = SDKROOT; };
		1241CD8E18F4ADAC007E6DDF /* CoreGraphics.framework */ = {isa = PBXFileReference; lastKnownFileType = wrapper.framework; name = CoreGraphics.framework; path = System/Library/Frameworks/CoreGraphics.framework; sourceTree = SDKROOT; };
		1241CD9018F4ADAC007E6DDF /* UIKit.framework */ = {isa = PBXFileReference; lastKnownFileType = wrapper.framework; name = UIKit.framework; path = System/Library/Frameworks/UIKit.framework; sourceTree = SDKROOT; };
		1241CD9418F4ADAC007E6DDF /* GIT Test-Info.plist */ = {isa = PBXFileReference; lastKnownFileType = text.plist.xml; path = "GIT Test-Info.plist"; sourceTree = "<group>"; };
		1241CD9618F4ADAC007E6DDF /* en */ = {isa = PBXFileReference; lastKnownFileType = text.plist.strings; name = en; path = en.lproj/InfoPlist.strings; sourceTree = "<group>"; };
		1241CD9818F4ADAC007E6DDF /* main.m */ = {isa = PBXFileReference; lastKnownFileType = sourcecode.c.objc; path = main.m; sourceTree = "<group>"; };
		1241CD9A18F4ADAC007E6DDF /* GIT Test-Prefix.pch */ = {isa = PBXFileReference; lastKnownFileType = sourcecode.c.h; path = "GIT Test-Prefix.pch"; sourceTree = "<group>"; };
		1241CD9B18F4ADAC007E6DDF /* CABAppDelegate.h */ = {isa = PBXFileReference; lastKnownFileType = sourcecode.c.h; path = CABAppDelegate.h; sourceTree = "<group>"; };
		1241CD9C18F4ADAC007E6DDF /* CABAppDelegate.m */ = {isa = PBXFileReference; lastKnownFileType = sourcecode.c.objc; path = CABAppDelegate.m; sourceTree = "<group>"; };
		1241CD9F18F4ADAC007E6DDF /* Base */ = {isa = PBXFileReference; lastKnownFileType = file.storyboard; name = Base; path = Base.lproj/Main.storyboard; sourceTree = "<group>"; };
		1241CDA118F4ADAC007E6DDF /* CABViewController.h */ = {isa = PBXFileReference; lastKnownFileType = sourcecode.c.h; path = CABViewController.h; sourceTree = "<group>"; };
		1241CDA218F4ADAC007E6DDF /* CABViewController.m */ = {isa = PBXFileReference; lastKnownFileType = sourcecode.c.objc; path = CABViewController.m; sourceTree = "<group>"; };
		1241CDA418F4ADAC007E6DDF /* Images.xcassets */ = {isa = PBXFileReference; lastKnownFileType = folder.assetcatalog; path = Images.xcassets; sourceTree = "<group>"; };
		1241CDAA18F4ADAC007E6DDF /* GIT TestTests.xctest */ = {isa = PBXFileReference; explicitFileType = wrapper.cfbundle; includeInIndex = 0; path = "GIT TestTests.xctest"; sourceTree = BUILT_PRODUCTS_DIR; };
		1241CDAB18F4ADAC007E6DDF /* XCTest.framework */ = {isa = PBXFileReference; lastKnownFileType = wrapper.framework; name = XCTest.framework; path = Library/Frameworks/XCTest.framework; sourceTree = DEVELOPER_DIR; };
		1241CDB318F4ADAC007E6DDF /* GIT TestTests-Info.plist */ = {isa = PBXFileReference; lastKnownFileType = text.plist.xml; path = "GIT TestTests-Info.plist"; sourceTree = "<group>"; };
		1241CDB518F4ADAC007E6DDF /* en */ = {isa = PBXFileReference; lastKnownFileType = text.plist.strings; name = en; path = en.lproj/InfoPlist.strings; sourceTree = "<group>"; };
		1241CDB718F4ADAC007E6DDF /* GIT_TestTests.m */ = {isa = PBXFileReference; lastKnownFileType = sourcecode.c.objc; path = GIT_TestTests.m; sourceTree = "<group>"; };
		1241CDC118F4AFD0007E6DDF /* CABTest.h */ = {isa = PBXFileReference; fileEncoding = 4; lastKnownFileType = sourcecode.c.h; path = CABTest.h; sourceTree = "<group>"; };
		1241CDC218F4AFD0007E6DDF /* CABTest.m */ = {isa = PBXFileReference; fileEncoding = 4; lastKnownFileType = sourcecode.c.objc; path = CABTest.m; sourceTree = "<group>"; };
/* End PBXFileReference section */

/* Begin PBXFrameworksBuildPhase section */
		1241CD8618F4ADAC007E6DDF /* Frameworks */ = {
			isa = PBXFrameworksBuildPhase;
			buildActionMask = 2147483647;
			files = (
				1241CD8F18F4ADAC007E6DDF /* CoreGraphics.framework in Frameworks */,
				1241CD9118F4ADAC007E6DDF /* UIKit.framework in Frameworks */,
				1241CD8D18F4ADAC007E6DDF /* Foundation.framework in Frameworks */,
			);
			runOnlyForDeploymentPostprocessing = 0;
		};
		1241CDA718F4ADAC007E6DDF /* Frameworks */ = {
			isa = PBXFrameworksBuildPhase;
			buildActionMask = 2147483647;
			files = (
				1241CDAC18F4ADAC007E6DDF /* XCTest.framework in Frameworks */,
				1241CDAE18F4ADAC007E6DDF /* UIKit.framework in Frameworks */,
				1241CDAD18F4ADAC007E6DDF /* Foundation.framework in Frameworks */,
			);
			runOnlyForDeploymentPostprocessing = 0;
		};
/* End PBXFrameworksBuildPhase section */

/* Begin PBXGroup section */
		1241CD8018F4ADAC007E6DDF = {
			isa = PBXGroup;
			children = (
				1241CDC118F4AFD0007E6DDF /* CABTest.h */,
				1241CDC218F4AFD0007E6DDF /* CABTest.m */,
				1241CD9218F4ADAC007E6DDF /* GIT Test */,
				1241CDB118F4ADAC007E6DDF /* GIT TestTests */,
				1241CD8B18F4ADAC007E6DDF /* Frameworks */,
				1241CD8A18F4ADAC007E6DDF /* Products */,
			);
			sourceTree = "<group>";
		};
		1241CD8A18F4ADAC007E6DDF /* Products */ = {
			isa = PBXGroup;
			children = (
				1241CD8918F4ADAC007E6DDF /* GIT Test.app */,
				1241CDAA18F4ADAC007E6DDF /* GIT TestTests.xctest */,
			);
			name = Products;
			sourceTree = "<group>";
		};
		1241CD8B18F4ADAC007E6DDF /* Frameworks */ = {
			isa = PBXGroup;
			children = (
				1241CD8C18F4ADAC007E6DDF /* Foundation.framework */,
				1241CD8E18F4ADAC007E6DDF /* CoreGraphics.framework */,
				1241CD9018F4ADAC007E6DDF /* UIKit.framework */,
				1241CDAB18F4ADAC007E6DDF /* XCTest.framework */,
			);
			name = Frameworks;
			sourceTree = "<group>";
		};
		1241CD9218F4ADAC007E6DDF /* GIT Test */ = {
			isa = PBXGroup;
			children = (
				1241CD9B18F4ADAC007E6DDF /* CABAppDelegate.h */,
				1241CD9C18F4ADAC007E6DDF /* CABAppDelegate.m */,
				1241CD9E18F4ADAC007E6DDF /* Main.storyboard */,
				1241CDA118F4ADAC007E6DDF /* CABViewController.h */,
				1241CDA218F4ADAC007E6DDF /* CABViewController.m */,
				1241CDA418F4ADAC007E6DDF /* Images.xcassets */,
				1241CD9318F4ADAC007E6DDF /* Supporting Files */,
			);
			path = "GIT Test";
			sourceTree = "<group>";
		};
		1241CD9318F4ADAC007E6DDF /* Supporting Files */ = {
			isa = PBXGroup;
			children = (
				1241CD9418F4ADAC007E6DDF /* GIT Test-Info.plist */,
				1241CD9518F4ADAC007E6DDF /* InfoPlist.strings */,
				1241CD9818F4ADAC007E6DDF /* main.m */,
				1241CD9A18F4ADAC007E6DDF /* GIT Test-Prefix.pch */,
			);
			name = "Supporting Files";
			sourceTree = "<group>";
		};
		1241CDB118F4ADAC007E6DDF /* GIT TestTests */ = {
			isa = PBXGroup;
			children = (
				1241CDB718F4ADAC007E6DDF /* GIT_TestTests.m */,
				1241CDB218F4ADAC007E6DDF /* Supporting Files */,
			);
			path = "GIT TestTests";
			sourceTree = "<group>";
		};
		1241CDB218F4ADAC007E6DDF /* Supporting Files */ = {
			isa = PBXGroup;
			children = (
				1241CDB318F4ADAC007E6DDF /* GIT TestTests-Info.plist */,
				1241CDB418F4ADAC007E6DDF /* InfoPlist.strings */,
			);
			name = "Supporting Files";
			sourceTree = "<group>";
		};
/* End PBXGroup section */

/* Begin PBXNativeTarget section */
		1241CD8818F4ADAC007E6DDF /* GIT Test */ = {
			isa = PBXNativeTarget;
			buildConfigurationList = 1241CDBB18F4ADAC007E6DDF /* Build configuration list for PBXNativeTarget "GIT Test" */;
			buildPhases = (
				1241CD8518F4ADAC007E6DDF /* Sources */,
				1241CD8618F4ADAC007E6DDF /* Frameworks */,
				1241CD8718F4ADAC007E6DDF /* Resources */,
			);
			buildRules = (
			);
			dependencies = (
			);
			name = "GIT Test";
			productName = "GIT Test";
			productReference = 1241CD8918F4ADAC007E6DDF /* GIT Test.app */;
			productType = "com.apple.product-type.application";
		};
		1241CDA918F4ADAC007E6DDF /* GIT TestTests */ = {
			isa = PBXNativeTarget;
			buildConfigurationList = 1241CDBE18F4ADAC007E6DDF /* Build configuration list for PBXNativeTarget "GIT TestTests" */;
			buildPhases = (
				1241CDA618F4ADAC007E6DDF /* Sources */,
				1241CDA718F4ADAC007E6DDF /* Frameworks */,
				1241CDA818F4ADAC007E6DDF /* Resources */,
			);
			buildRules = (
			);
			dependencies = (
				1241CDB018F4ADAC007E6DDF /* PBXTargetDependency */,
			);
			name = "GIT TestTests";
			productName = "GIT TestTests";
			productReference = 1241CDAA18F4ADAC007E6DDF /* GIT TestTests.xctest */;
			productType = "com.apple.product-type.bundle.unit-test";
		};
/* End PBXNativeTarget section */

/* Begin PBXProject section */
		1241CD8118F4ADAC007E6DDF /* Project object */ = {
			isa = PBXProject;
			attributes = {
				CLASSPREFIX = CAB;
				LastUpgradeCheck = 0510;
				ORGANIZATIONNAME = "Apple, Inc";
				TargetAttributes = {
					1241CDA918F4ADAC007E6DDF = {
						TestTargetID = 1241CD8818F4ADAC007E6DDF;
					};
				};
			};
			buildConfigurationList = 1241CD8418F4ADAC007E6DDF /* Build configuration list for PBXProject "GIT Test" */;
			compatibilityVersion = "Xcode 3.2";
			developmentRegion = English;
			hasScannedForEncodings = 0;
			knownRegions = (
				en,
				Base,
			);
			mainGroup = 1241CD8018F4ADAC007E6DDF;
			productRefGroup = 1241CD8A18F4ADAC007E6DDF /* Products */;
			projectDirPath = "";
			projectRoot = "";
			targets = (
				1241CD8818F4ADAC007E6DDF /* GIT Test */,
				1241CDA918F4ADAC007E6DDF /* GIT TestTests */,
			);
		};
/* End PBXProject section */

/* Begin PBXResourcesBuildPhase section */
		1241CD8718F4ADAC007E6DDF /* Resources */ = {
			isa = PBXResourcesBuildPhase;
			buildActionMask = 2147483647;
			files = (
				1241CDA518F4ADAC007E6DDF /* Images.xcassets in Resources */,
				1241CD9718F4ADAC007E6DDF /* InfoPlist.strings in Resources */,
				1241CDA018F4ADAC007E6DDF /* Main.storyboard in Resources */,
			);
			runOnlyForDeploymentPostprocessing = 0;
		};
		1241CDA818F4ADAC007E6DDF /* Resources */ = {
			isa = PBXResourcesBuildPhase;
			buildActionMask = 2147483647;
			files = (
				1241CDB618F4ADAC007E6DDF /* InfoPlist.strings in Resources */,
			);
			runOnlyForDeploymentPostprocessing = 0;
		};
/* End PBXResourcesBuildPhase section */

/* Begin PBXSourcesBuildPhase section */
		1241CD8518F4ADAC007E6DDF /* Sources */ = {
			isa = PBXSourcesBuildPhase;
			buildActionMask = 2147483647;
			files = (
				1241CD9918F4ADAC007E6DDF /* main.m in Sources */,
				1241CD9D18F4ADAC007E6DDF /* CABAppDelegate.m in Sources */,
				1241CDC318F4AFD0007E6DDF /* CABTest.m in Sources */,
				1241CDA318F4ADAC007E6DDF /* CABViewController.m in Sources */,
			);
			runOnlyForDeploymentPostprocessing = 0;
		};
		1241CDA618F4ADAC007E6DDF /* Sources */ = {
			isa = PBXSourcesBuildPhase;
			buildActionMask = 2147483647;
			files = (
				1241CDB818F4ADAC007E6DDF /* GIT_TestTests.m in Sources */,
			);
			runOnlyForDeploymentPostprocessing = 0;
		};
/* End PBXSourcesBuildPhase section */

/* Begin PBXTargetDependency section */
		1241CDB018F4ADAC007E6DDF /* PBXTargetDependency */ = {
			isa = PBXTargetDependency;
			target = 1241CD8818F4ADAC007E6DDF /* GIT Test */;
			targetProxy = 1241CDAF18F4ADAC007E6DDF /* PBXContainerItemProxy */;
		};
/* End PBXTargetDependency section */

/* Begin PBXVariantGroup section */
		1241CD9518F4ADAC007E6DDF /* InfoPlist.strings */ = {
			isa = PBXVariantGroup;
			children = (
				1241CD9618F4ADAC007E6DDF /* en */,
			);
			name = InfoPlist.strings;
			sourceTree = "<group>";
		};
		1241CD9E18F4ADAC007E6DDF /* Main.storyboard */ = {
			isa = PBXVariantGroup;
			children = (
				1241CD9F18F4ADAC007E6DDF /* Base */,
			);
			name = Main.storyboard;
			sourceTree = "<group>";
		};
		1241CDB418F4ADAC007E6DDF /* InfoPlist.strings */ = {
			isa = PBXVariantGroup;
			children = (
				1241CDB518F4ADAC007E6DDF /* en */,
			);
			name = InfoPlist.strings;
			sourceTree = "<group>";
		};
/* End PBXVariantGroup section */

/* Begin XCBuildConfiguration section */
		1241CDB918F4ADAC007E6DDF /* Debug */ = {
			isa = XCBuildConfiguration;
			buildSettings = {
				ALWAYS_SEARCH_USER_PATHS = NO;
				CLANG_CXX_LANGUAGE_STANDARD = "gnu++0x";
				CLANG_CXX_LIBRARY = "libc++";
				CLANG_ENABLE_MODULES = YES;
				CLANG_ENABLE_OBJC_ARC = YES;
				CLANG_WARN_BOOL_CONVERSION = YES;
				CLANG_WARN_CONSTANT_CONVERSION = YES;
				CLANG_WARN_DIRECT_OBJC_ISA_USAGE = YES_ERROR;
				CLANG_WARN_EMPTY_BODY = YES;
				CLANG_WARN_ENUM_CONVERSION = YES;
				CLANG_WARN_INT_CONVERSION = YES;
				CLANG_WARN_OBJC_ROOT_CLASS = YES_ERROR;
				CLANG_WARN__DUPLICATE_METHOD_MATCH = YES;
				"CODE_SIGN_IDENTITY[sdk=iphoneos*]" = "iPhone Developer";
				COPY_PHASE_STRIP = NO;
				GCC_C_LANGUAGE_STANDARD = gnu99;
				GCC_DYNAMIC_NO_PIC = NO;
				GCC_OPTIMIZATION_LEVEL = 0;
				GCC_PREPROCESSOR_DEFINITIONS = (
					"DEBUG=1",
					"$(inherited)",
				);
				GCC_SYMBOLS_PRIVATE_EXTERN = NO;
				GCC_WARN_64_TO_32_BIT_CONVERSION = YES;
				GCC_WARN_ABOUT_RETURN_TYPE = YES_ERROR;
				GCC_WARN_UNDECLARED_SELECTOR = YES;
				GCC_WARN_UNINITIALIZED_AUTOS = YES_AGGRESSIVE;
				GCC_WARN_UNUSED_FUNCTION = YES;
				GCC_WARN_UNUSED_VARIABLE = YES;
				IPHONEOS_DEPLOYMENT_TARGET = 7.1;
				ONLY_ACTIVE_ARCH = YES;
				SDKROOT = iphoneos;
			};
			name = Debug;
		};
		1241CDBA18F4ADAC007E6DDF /* Release */ = {
			isa = XCBuildConfiguration;
			buildSettings = {
				ALWAYS_SEARCH_USER_PATHS = NO;
				CLANG_CXX_LANGUAGE_STANDARD = "gnu++0x";
				CLANG_CXX_LIBRARY = "libc++";
				CLANG_ENABLE_MODULES = YES;
				CLANG_ENABLE_OBJC_ARC = YES;
				CLANG_WARN_BOOL_CONVERSION = YES;
				CLANG_WARN_CONSTANT_CONVERSION = YES;
				CLANG_WARN_DIRECT_OBJC_ISA_USAGE = YES_ERROR;
				CLANG_WARN_EMPTY_BODY = YES;
				CLANG_WARN_ENUM_CONVERSION = YES;
				CLANG_WARN_INT_CONVERSION = YES;
				CLANG_WARN_OBJC_ROOT_CLASS = YES_ERROR;
				CLANG_WARN__DUPLICATE_METHOD_MATCH = YES;
				"CODE_SIGN_IDENTITY[sdk=iphoneos*]" = "iPhone Developer";
				COPY_PHASE_STRIP = YES;
				ENABLE_NS_ASSERTIONS = NO;
				GCC_C_LANGUAGE_STANDARD = gnu99;
				GCC_WARN_64_TO_32_BIT_CONVERSION = YES;
				GCC_WARN_ABOUT_RETURN_TYPE = YES_ERROR;
				GCC_WARN_UNDECLARED_SELECTOR = YES;
				GCC_WARN_UNINITIALIZED_AUTOS = YES_AGGRESSIVE;
				GCC_WARN_UNUSED_FUNCTION = YES;
				GCC_WARN_UNUSED_VARIABLE = YES;
				IPHONEOS_DEPLOYMENT_TARGET = 7.1;
				SDKROOT = iphoneos;
				VALIDATE_PRODUCT = YES;
			};
			name = Release;
		};
		1241CDBC18F4ADAC007E6DDF /* Debug */ = {
			isa = XCBuildConfiguration;
			buildSettings = {
				ASSETCATALOG_COMPILER_APPICON_NAME = AppIcon;
				ASSETCATALOG_COMPILER_LAUNCHIMAGE_NAME = LaunchImage;
				GCC_PRECOMPILE_PREFIX_HEADER = YES;
				GCC_PREFIX_HEADER = "GIT Test/GIT Test-Prefix.pch";
				INFOPLIST_FILE = "GIT Test/GIT Test-Info.plist";
				PRODUCT_NAME = "$(TARGET_NAME)";
				WRAPPER_EXTENSION = app;
			};
			name = Debug;
		};
		1241CDBD18F4ADAC007E6DDF /* Release */ = {
			isa = XCBuildConfiguration;
			buildSettings = {
				ASSETCATALOG_COMPILER_APPICON_NAME = AppIcon;
				ASSETCATALOG_COMPILER_LAUNCHIMAGE_NAME = LaunchImage;
				GCC_PRECOMPILE_PREFIX_HEADER = YES;
				GCC_PREFIX_HEADER = "GIT Test/GIT Test-Prefix.pch";
				INFOPLIST_FILE = "GIT Test/GIT Test-Info.plist";
				PRODUCT_NAME = "$(TARGET_NAME)";
				WRAPPER_EXTENSION = app;
			};
			name = Release;
		};
		1241CDBF18F4ADAC007E6DDF /* Debug */ = {
			isa = XCBuildConfiguration;
			buildSettings = {
				BUNDLE_LOADER = "$(BUILT_PRODUCTS_DIR)/GIT Test.app/GIT Test";
				FRAMEWORK_SEARCH_PATHS = (
					"$(SDKROOT)/Developer/Library/Frameworks",
					"$(inherited)",
					"$(DEVELOPER_FRAMEWORKS_DIR)",
				);
				GCC_PRECOMPILE_PREFIX_HEADER = YES;
				GCC_PREFIX_HEADER = "GIT Test/GIT Test-Prefix.pch";
				GCC_PREPROCESSOR_DEFINITIONS = (
					"DEBUG=1",
					"$(inherited)",
				);
				INFOPLIST_FILE = "GIT TestTests/GIT TestTests-Info.plist";
				PRODUCT_NAME = "$(TARGET_NAME)";
				TEST_HOST = "$(BUNDLE_LOADER)";
				WRAPPER_EXTENSION = xctest;
			};
			name = Debug;
		};
		1241CDC018F4ADAC007E6DDF /* Release */ = {
			isa = XCBuildConfiguration;
			buildSettings = {
				BUNDLE_LOADER = "$(BUILT_PRODUCTS_DIR)/GIT Test.app/GIT Test";
				FRAMEWORK_SEARCH_PATHS = (
					"$(SDKROOT)/Developer/Library/Frameworks",
					"$(inherited)",
					"$(DEVELOPER_FRAMEWORKS_DIR)",
				);
				GCC_PRECOMPILE_PREFIX_HEADER = YES;
				GCC_PREFIX_HEADER = "GIT Test/GIT Test-Prefix.pch";
				INFOPLIST_FILE = "GIT TestTests/GIT TestTests-Info.plist";
				PRODUCT_NAME = "$(TARGET_NAME)";
				TEST_HOST = "$(BUNDLE_LOADER)";
				WRAPPER_EXTENSION = xctest;
			};
			name = Release;
		};
/* End XCBuildConfiguration section */

/* Begin XCConfigurationList section */
		1241CD8418F4ADAC007E6DDF /* Build configuration list for PBXProject "GIT Test" */ = {
			isa = XCConfigurationList;
			buildConfigurations = (
				1241CDB918F4ADAC007E6DDF /* Debug */,
				1241CDBA18F4ADAC007E6DDF /* Release */,
			);
			defaultConfigurationIsVisible = 0;
			defaultConfigurationName = Release;
		};
		1241CDBB18F4ADAC007E6DDF /* Build configuration list for PBXNativeTarget "GIT Test" */ = {
			isa = XCConfigurationList;
			buildConfigurations = (
				1241CDBC18F4ADAC007E6DDF /* Debug */,
				1241CDBD18F4ADAC007E6DDF /* Release */,
			);
			defaultConfigurationIsVisible = 0;
		};
		1241CDBE18F4ADAC007E6DDF /* Build configuration list for PBXNativeTarget "GIT TestTests" */ = {
			isa = XCConfigurationList;
			buildConfigurations = (
				1241CDBF18F4ADAC007E6DDF /* Debug */,
				1241CDC018F4ADAC007E6DDF /* Release */,
			);
			defaultConfigurationIsVisible = 0;
		};
/* End XCConfigurationList section */
	};
	rootObject = 1241CD8118F4ADAC007E6DDF /* Project object */;
}
